<?xml version="1.0" encoding="utf-8"?>
<Project ToolsVersion="4.0" xmlns="http://schemas.microsoft.com/developer/msbuild/2003">
  <ItemGroup>
    <Filter Include="Source Files">
      <UniqueIdentifier>{4FC737F1-C7A5-4376-A066-2A32D752A2FF}</UniqueIdentifier>
      <Extensions>cpp;c;cc;cxx;def;odl;idl;hpj;bat;asm;asmx</Extensions>
    </Filter>
    <Filter Include="Header Files">
      <UniqueIdentifier>{93995380-89BD-4b04-88EB-625FBE52EBFB}</UniqueIdentifier>
      <Extensions>h;hh;hpp;hxx;hm;inl;inc;xsd</Extensions>
    </Filter>
    <Filter Include="Resource Files">
      <UniqueIdentifier>{67DA6AB6-F800-4c08-8B7A-83BB121AAD01}</UniqueIdentifier>
      <Extensions>rc;ico;cur;bmp;dlg;rc2;rct;bin;rgs;gif;jpg;jpeg;jpe;resx;tiff;tif;png;wav;mfcribbon-ms</Extensions>
    </Filter>
  </ItemGroup>
  <ItemGroup>
    <ClCompile Include="Source\Main.cpp">
      <Filter>Source Files</Filter>
    </ClCompile>
    <ClCompile Include="Source\HelloWorldGame.cpp">
      <Filter>Source Files</Filter>
    </ClCompile>
    <ClCompile Include="Source\Screens\Levels\Level1.cpp">
      <Filter>Source Files</Filter>
    </ClCompile>
    <ClCompile Include="Source\Screens\HelloWorldSplashScreen.cpp">
      <Filter>Source Files</Filter>
    </ClCompile>
    <ClCompile Include="Source\Screens\HelloWorldMainMenuScreen.cpp">
      <Filter>Source Files</Filter>
    </ClCompile>
    <ClCompile Include="Source\Input\SplashScreenLogoSkipper.cpp">
      <Filter>Source Files</Filter>
    </ClCompile>
    <ClCompile Include="Source\Input\TerminalInputHandler.cpp">
      <Filter>Source Files</Filter>
    </ClCompile>
    <ClCompile Include="Source\Compiler\Compiler.cpp">
      <Filter>Source Files</Filter>
    </ClCompile>
    <ClCompile Include="Source\Screens\HelloWorldLoadingScreen.cpp">
      <Filter>Source Files</Filter>
    </ClCompile>
    <ClCompile Include="Source\Screens\LevelScreenCreator.cpp">
      <Filter>Source Files</Filter>
    </ClCompile>
    <ClCompile Include="Source\GraphicalFX\TypingTextEffect.cpp">
      <Filter>Source Files</Filter>
    </ClCompile>
    <ClCompile Include="Source\Loading\LevelLoader.cpp">
      <Filter>Source Files</Filter>
    </ClCompile>
    <ClCompile Include="Source\Screens\HelloWorldOptionsScreen.cpp">
      <Filter>Source Files</Filter>
    </ClCompile>
    <ClCompile Include="Source\Screens\Levels\Level2.cpp">
      <Filter>Source Files</Filter>
    </ClCompile>
    <ClCompile Include="Source\Physics\PlayerMoveable.cpp">
      <Filter>Source Files</Filter>
    </ClCompile>
    <ClCompile Include="Source\UI\NewCodeDialog.cpp">
      <Filter>Source Files</Filter>
    </ClCompile>
    <ClCompile Include="Source\Code\PlayerScriptCommands.cpp">
      <Filter>Source Files</Filter>
    </ClCompile>
    <ClCompile Include="Source\DataConverters\PlayerScriptCommandsDataConverter.cpp">
      <Filter>Source Files</Filter>
    </ClCompile>
    <ClCompile Include="Source\Code\ScriptCommandsRegistry.cpp">
      <Filter>Source Files</Filter>
    </ClCompile>
    <ClCompile Include="Source\Physics\DoorSwitch.cpp">
      <Filter>Source Files</Filter>
    </ClCompile>
  </ItemGroup>
  <ItemGroup>
    <Media Include="Resources\Audio\ButtonHover.wav">
      <Filter>Resource Files</Filter>
    </Media>
    <Media Include="Resources\Audio\ButtonPressed.wav">
      <Filter>Resource Files</Filter>
    </Media>
    <Media Include="Resources\Audio\HorrorOfSelf.wav">
      <Filter>Resource Files</Filter>
    </Media>
    <Media Include="Resources\Audio\KeyPresses\KeyPress1.wav">
      <Filter>Resource Files</Filter>
    </Media>
    <Media Include="Resources\Audio\KeyPresses\KeyPress2.wav">
      <Filter>Resource Files</Filter>
    </Media>
    <Media Include="Resources\Audio\KeyPresses\KeyPress3.wav">
      <Filter>Resource Files</Filter>
    </Media>
    <Media Include="Resources\Audio\StartupMusic.wav">
      <Filter>Resource Files</Filter>
    </Media>
  </ItemGroup>
  <ItemGroup>
    <Font Include="Resources\Fonts\Arial.ttf" />
  </ItemGroup>
  <ItemGroup>
    <None Include="Resources\Fragment Shaders\sprite.frag" />
    <None Include="Resources\Fragment Shaders\text.frag" />
    <None Include="Resources\Geometry Shaders\sprite.geom" />
    <None Include="Resources\Vertex Shaders\sprite.vert" />
    <None Include="Resources\Vertex Shaders\text.vert" />
  </ItemGroup>
  <ItemGroup>
    <Image Include="Resources\Textures\Sprites\UI\ButtonDefault.png">
      <Filter>Resource Files</Filter>
    </Image>
    <Image Include="Resources\Textures\Sprites\UI\ButtonHighlighted.png">
      <Filter>Resource Files</Filter>
    </Image>
    <Image Include="Resources\Textures\Sprites\UI\ButtonPressed.png">
      <Filter>Resource Files</Filter>
    </Image>
    <Image Include="Resources\Textures\Sprites\UI\Rectangle.png">
      <Filter>Resource Files</Filter>
    </Image>
    <Image Include="Resources\Textures\Sprites\UI\UpDirectionIndicator.png">
      <Filter>Resource Files</Filter>
    </Image>
    <Image Include="Resources\Textures\Sprites\ComputerTerminal.png">
      <Filter>Resource Files</Filter>
    </Image>
    <Image Include="Resources\Textures\Sprites\MetalDoor.png">
      <Filter>Resource Files</Filter>
    </Image>
    <Image Include="Resources\Textures\Sprites\Scientist.png">
      <Filter>Resource Files</Filter>
    </Image>
    <Image Include="Resources\Textures\Sprites\UI\CelesteEngineLogo.png">
      <Filter>Resource Files</Filter>
    </Image>
    <Image Include="Resources\Textures\Sprites\UI\CelesteGamesLogo.png">
      <Filter>Resource Files</Filter>
    </Image>
    <Image Include="Resources\Textures\Sprites\TerminalBackground.png">
      <Filter>Resource Files</Filter>
    </Image>
    <Image Include="Resources\Textures\Sprites\BinaryBackground.jpg">
      <Filter>Resource Files</Filter>
    </Image>
    <Image Include="Resources\Textures\Sprites\UI\ProgressBar.png">
      <Filter>Resource Files</Filter>
    </Image>
  </ItemGroup>
  <ItemGroup>
    <ClInclude Include="Headers\HelloWorldGame.h">
      <Filter>Header Files</Filter>
    </ClInclude>
    <ClInclude Include="Headers\Screens\Levels\Level1.h">
      <Filter>Header Files</Filter>
    </ClInclude>
    <ClInclude Include="Headers\Screens\HelloWorldSplashScreen.h">
      <Filter>Header Files</Filter>
    </ClInclude>
    <ClInclude Include="Headers\Screens\HelloWorldMainMenuScreen.h">
      <Filter>Header Files</Filter>
    </ClInclude>
    <ClInclude Include="Headers\Input\SplashScreenLogoSkipper.h">
      <Filter>Header Files</Filter>
    </ClInclude>
    <ClInclude Include="Headers\Input\TerminalInputHandler.h">
      <Filter>Header Files</Filter>
    </ClInclude>
    <ClInclude Include="Headers\Compiler\Compiler.h">
      <Filter>Header Files</Filter>
    </ClInclude>
    <ClInclude Include="Headers\Screens\HelloWorldLoadingScreen.h">
      <Filter>Header Files</Filter>
    </ClInclude>
    <ClInclude Include="Headers\Screens\LevelScreenCreator.h">
      <Filter>Header Files</Filter>
    </ClInclude>
    <ClInclude Include="Headers\GraphicalFX\TypingTextEffect.h">
      <Filter>Header Files</Filter>
    </ClInclude>
    <ClInclude Include="Headers\Loading\LevelLoader.h">
      <Filter>Header Files</Filter>
    </ClInclude>
    <ClInclude Include="Headers\Screens\HelloWorldOptionsScreen.h">
      <Filter>Header Files</Filter>
    </ClInclude>
    <ClInclude Include="Headers\Screens\Levels\Level2.h">
      <Filter>Header Files</Filter>
    </ClInclude>
    <ClInclude Include="Headers\Physics\PlayerMoveable.h">
      <Filter>Header Files</Filter>
    </ClInclude>
    <ClInclude Include="Headers\UI\NewCodeDialog.h">
      <Filter>Header Files</Filter>
    </ClInclude>
    <ClInclude Include="Headers\Code\PlayerScriptCommands.h">
      <Filter>Header Files</Filter>
    </ClInclude>
    <ClInclude Include="Headers\DataConverters\PlayerScriptCommandsDataConverter.h">
      <Filter>Header Files</Filter>
    </ClInclude>
    <ClInclude Include="Headers\Code\ScriptCommandDefs.h">
      <Filter>Header Files</Filter>
    </ClInclude>
    <ClInclude Include="Headers\Code\ScriptCommandsRegistry.h">
      <Filter>Header Files</Filter>
    </ClInclude>
    <ClInclude Include="Headers\Physics\DoorSwitch.h">
      <Filter>Header Files</Filter>
    </ClInclude>
  </ItemGroup>
  <ItemGroup>
    <Xml Include="Resources\Data\Settings\Settings.xml" />
    <Xml Include="Resources\Data\Player\PlayerScriptCommands.xml" />
  </ItemGroup>
</Project>